
Microsoft Visual Studio Solution File, Format Version 12.00
# Visual Studio 15
VisualStudioVersion = 15.0.28307.489
MinimumVisualStudioVersion = 10.0.40219.1
Project("{FAE04EC0-301F-11D3-BF4B-00C04F79EFBC}") = "Guia 0 - Ej 4", "Guia 0 - Ej 4\Guia 0 - Ej 4.csproj", "{321AA0AE-5007-48D8-B2DF-150149678EA3}"
EndProject
Global
	GlobalSection(SolutionConfigurationPlatforms) = preSolution
		Debug|Any CPU = Debug|Any CPU
		Release|Any CPU = Release|Any CPU
	EndGlobalSection
	GlobalSection(ProjectConfigurationPlatforms) = postSolution
		{321AA0AE-5007-48D8-B2DF-150149678EA3}.Debug|Any CPU.ActiveCfg = Debug|Any CPU
		{321AA0AE-5007-48D8-B2DF-150149678EA3}.Debug|Any CPU.Build.0 = Debug|Any CPU
		{321AA0AE-5007-48D8-B2DF-150149678EA3}.Release|Any CPU.ActiveCfg = Release|Any CPU
		{321AA0AE-5007-48D8-B2DF-150149678EA3}.Release|Any CPU.Build.0 = Release|Any CPU
	EndGlobalSection
	GlobalSection(SolutionProperties) = preSolution
		HideSolutionNode = FALSE
	EndGlobalSection
	GlobalSection(ExtensibilityGlobals) = postSolution
		SolutionGuid = {F9A0DD28-6555-481D-8FBA-537D7C56BBC8}
	EndGlobalSection
EndGlobal
